
Microsoft Visual Studio Solution File, Format Version 12.00
# Visual Studio Version 16
VisualStudioVersion = 16.0.31410.357
MinimumVisualStudioVersion = 10.0.40219.1
Project("{FAE04EC0-301F-11D3-BF4B-00C04F79EFBC}") = "BspApp", "BspApp\BspApp.csproj", "{53F77242-CE43-4C62-AFB6-77B216BB95A6}"
EndProject
Global
	GlobalSection(SolutionConfigurationPlatforms) = preSolution
		Debug|Any CPU = Debug|Any CPU
		Release|Any CPU = Release|Any CPU
	EndGlobalSection
	GlobalSection(ProjectConfigurationPlatforms) = postSolution
		{53F77242-CE43-4C62-AFB6-77B216BB95A6}.Debug|Any CPU.ActiveCfg = Debug|Any CPU
		{53F77242-CE43-4C62-AFB6-77B216BB95A6}.Debug|Any CPU.Build.0 = Debug|Any CPU
		{53F77242-CE43-4C62-AFB6-77B216BB95A6}.Release|Any CPU.ActiveCfg = Release|Any CPU
		{53F77242-CE43-4C62-AFB6-77B216BB95A6}.Release|Any CPU.Build.0 = Release|Any CPU
	EndGlobalSection
	GlobalSection(SolutionProperties) = preSolution
		HideSolutionNode = FALSE
	EndGlobalSection
	GlobalSection(ExtensibilityGlobals) = postSolution
		SolutionGuid = {B517ADD5-4DD7-4E64-98B9-5940DCDC0CCC}
	EndGlobalSection
EndGlobal
